# This file is autogenerated, do not edit; changes may be undone by the next 'dep ensure'.


[[projects]]
  branch = "master"
  digest = "1:52b21e6be25049834aea5ecdde35d723c00fbdad3ea0357f2072dfb105836e02"
  name = "github.com/tarm/serial"
  packages = ["."]
  pruneopts = "UT"
  revision = "98f6abe2eb07edd42f6dfa2a934aea469acc29b7"

[[projects]]
  branch = "master"
  digest = "1:d53852c73a1e10a3b9f26554fdea3f3a30f01652bc963417eb1d4f7baab8ce33"
  name = "golang.org/x/sys"
  packages = ["unix"]
  pruneopts = "UT"
  revision = "f0ce4c0180bef7e9c51babed693a6e47fdd8962f"

[solve-meta]
  analyzer-name = "dep"
  analyzer-version = 1
  input-imports = ["github.com/tarm/serial"]
  solver-name = "gps-cdcl"
  solver-version = 1
